{
  "version": 4,
  "terraform_version": "1.5.5",
  "serial": 17,
  "lineage": "b27bc3ff-fbee-bcdd-702f-a61448e810d0",
  "outputs": {},
  "resources": [
    {
      "mode": "managed",
      "type": "aws_iam_user",
      "name": "demouser",
      "provider": "provider[\"registry.terraform.io/hashicorp/aws\"]",
      "instances": [
        {
          "schema_version": 0,
          "attributes": {
            "arn": "arn:aws:iam::754369775377:user/nuray",
            "force_destroy": false,
            "id": "nuray",
            "name": "nuray",
            "path": "/",
            "permissions_boundary": "",
            "tags": null,
            "tags_all": {},
            "unique_id": "AIDA27I7RI4I7QPO6FNAO"
          },
          "sensitive_attributes": [],
          "private": "bnVsbA=="
        }
      ]
    }
  ],
  "check_results": null
}
